// !$*UTF8*$!
{
	archiveVersion = 1;
	classes = {
	};
	objectVersion = 50;
	objects = {

/* Begin PBXBuildFile section */
		465EB3C3225E3A6700DE50E7 /* TZVideoPreviewPlayer.swift in Sources */ = {isa = PBXBuildFile; fileRef = 465EB3C1225E3A6700DE50E7 /* TZVideoPreviewPlayer.swift */; };
		465EB3C4225E3A6700DE50E7 /* TZVideoPreviewPlayer.xib in Resources */ = {isa = PBXBuildFile; fileRef = 465EB3C2225E3A6700DE50E7 /* TZVideoPreviewPlayer.xib */; };
		465EB3C6225E3BCA00DE50E7 /* PlayerView.swift in Sources */ = {isa = PBXBuildFile; fileRef = 465EB3C5225E3BCA00DE50E7 /* PlayerView.swift */; };
		465EB3C82264A5DC00DE50E7 /* Camera.swift in Sources */ = {isa = PBXBuildFile; fileRef = 465EB3C72264A5DC00DE50E7 /* Camera.swift */; };
		465EB3CA2264D11400DE50E7 /* Editor.swift in Sources */ = {isa = PBXBuildFile; fileRef = 465EB3C92264D11400DE50E7 /* Editor.swift */; };
		467C7F64225B6EB7006F8455 /* AppDelegate.swift in Sources */ = {isa = PBXBuildFile; fileRef = 467C7F63225B6EB7006F8455 /* AppDelegate.swift */; };
		467C7F69225B6EB7006F8455 /* Main.storyboard in Resources */ = {isa = PBXBuildFile; fileRef = 467C7F67225B6EB7006F8455 /* Main.storyboard */; };
		467C7F6B225B6EB9006F8455 /* Assets.xcassets in Resources */ = {isa = PBXBuildFile; fileRef = 467C7F6A225B6EB9006F8455 /* Assets.xcassets */; };
		467C7F6E225B6EB9006F8455 /* LaunchScreen.storyboard in Resources */ = {isa = PBXBuildFile; fileRef = 467C7F6C225B6EB9006F8455 /* LaunchScreen.storyboard */; };
		467C7F78225B774D006F8455 /* AudioViewController.swift in Sources */ = {isa = PBXBuildFile; fileRef = 467C7F76225B774D006F8455 /* AudioViewController.swift */; };
		467C7F79225B774D006F8455 /* AudioViewController.xib in Resources */ = {isa = PBXBuildFile; fileRef = 467C7F77225B774D006F8455 /* AudioViewController.xib */; };
		467C7F7C225BACAA006F8455 /* TZRecorder.swift in Sources */ = {isa = PBXBuildFile; fileRef = 467C7F7B225BACAA006F8455 /* TZRecorder.swift */; };
		467C7F7F225BB26C006F8455 /* TZAudioPlayer.swift in Sources */ = {isa = PBXBuildFile; fileRef = 467C7F7E225BB26C006F8455 /* TZAudioPlayer.swift */; };
		467C7F84225CD39A006F8455 /* CameraViewController.swift in Sources */ = {isa = PBXBuildFile; fileRef = 467C7F82225CD39A006F8455 /* CameraViewController.swift */; };
		467C7F85225CD39A006F8455 /* CameraViewController.xib in Resources */ = {isa = PBXBuildFile; fileRef = 467C7F83225CD39A006F8455 /* CameraViewController.xib */; };
/* End PBXBuildFile section */

/* Begin PBXFileReference section */
		465EB3C1225E3A6700DE50E7 /* TZVideoPreviewPlayer.swift */ = {isa = PBXFileReference; lastKnownFileType = sourcecode.swift; path = TZVideoPreviewPlayer.swift; sourceTree = "<group>"; };
		465EB3C2225E3A6700DE50E7 /* TZVideoPreviewPlayer.xib */ = {isa = PBXFileReference; lastKnownFileType = file.xib; path = TZVideoPreviewPlayer.xib; sourceTree = "<group>"; };
		465EB3C5225E3BCA00DE50E7 /* PlayerView.swift */ = {isa = PBXFileReference; lastKnownFileType = sourcecode.swift; path = PlayerView.swift; sourceTree = "<group>"; };
		465EB3C72264A5DC00DE50E7 /* Camera.swift */ = {isa = PBXFileReference; lastKnownFileType = sourcecode.swift; name = Camera.swift; path = Camera/Camera.swift; sourceTree = "<group>"; };
		465EB3C92264D11400DE50E7 /* Editor.swift */ = {isa = PBXFileReference; lastKnownFileType = sourcecode.swift; name = Editor.swift; path = Camera/Editor.swift; sourceTree = "<group>"; };
		467C7F60225B6EB7006F8455 /* AVFoundationTest.app */ = {isa = PBXFileReference; explicitFileType = wrapper.application; includeInIndex = 0; path = AVFoundationTest.app; sourceTree = BUILT_PRODUCTS_DIR; };
		467C7F63225B6EB7006F8455 /* AppDelegate.swift */ = {isa = PBXFileReference; lastKnownFileType = sourcecode.swift; path = AppDelegate.swift; sourceTree = "<group>"; };
		467C7F68225B6EB7006F8455 /* Base */ = {isa = PBXFileReference; lastKnownFileType = file.storyboard; name = Base; path = Base.lproj/Main.storyboard; sourceTree = "<group>"; };
		467C7F6A225B6EB9006F8455 /* Assets.xcassets */ = {isa = PBXFileReference; lastKnownFileType = folder.assetcatalog; path = Assets.xcassets; sourceTree = "<group>"; };
		467C7F6D225B6EB9006F8455 /* Base */ = {isa = PBXFileReference; lastKnownFileType = file.storyboard; name = Base; path = Base.lproj/LaunchScreen.storyboard; sourceTree = "<group>"; };
		467C7F6F225B6EB9006F8455 /* Info.plist */ = {isa = PBXFileReference; lastKnownFileType = text.plist.xml; path = Info.plist; sourceTree = "<group>"; };
		467C7F76225B774D006F8455 /* AudioViewController.swift */ = {isa = PBXFileReference; lastKnownFileType = sourcecode.swift; path = AudioViewController.swift; sourceTree = "<group>"; };
		467C7F77225B774D006F8455 /* AudioViewController.xib */ = {isa = PBXFileReference; lastKnownFileType = file.xib; path = AudioViewController.xib; sourceTree = "<group>"; };
		467C7F7B225BACAA006F8455 /* TZRecorder.swift */ = {isa = PBXFileReference; lastKnownFileType = sourcecode.swift; path = TZRecorder.swift; sourceTree = "<group>"; };
		467C7F7E225BB26C006F8455 /* TZAudioPlayer.swift */ = {isa = PBXFileReference; lastKnownFileType = sourcecode.swift; path = TZAudioPlayer.swift; sourceTree = "<group>"; };
		467C7F82225CD39A006F8455 /* CameraViewController.swift */ = {isa = PBXFileReference; lastKnownFileType = sourcecode.swift; path = CameraViewController.swift; sourceTree = "<group>"; };
		467C7F83225CD39A006F8455 /* CameraViewController.xib */ = {isa = PBXFileReference; lastKnownFileType = file.xib; path = CameraViewController.xib; sourceTree = "<group>"; };
/* End PBXFileReference section */

/* Begin PBXFrameworksBuildPhase section */
		467C7F5D225B6EB7006F8455 /* Frameworks */ = {
			isa = PBXFrameworksBuildPhase;
			buildActionMask = 2147483647;
			files = (
			);
			runOnlyForDeploymentPostprocessing = 0;
		};
/* End PBXFrameworksBuildPhase section */

/* Begin PBXGroup section */
		465EB3C0225E3A0E00DE50E7 /* Video Preview */ = {
			isa = PBXGroup;
			children = (
				465EB3C1225E3A6700DE50E7 /* TZVideoPreviewPlayer.swift */,
				465EB3C2225E3A6700DE50E7 /* TZVideoPreviewPlayer.xib */,
				465EB3C5225E3BCA00DE50E7 /* PlayerView.swift */,
			);
			path = "Video Preview";
			sourceTree = "<group>";
		};
		467C7F57225B6EB7006F8455 = {
			isa = PBXGroup;
			children = (
				467C7F62225B6EB7006F8455 /* AVFoundationTest */,
				467C7F61225B6EB7006F8455 /* Products */,
			);
			sourceTree = "<group>";
		};
		467C7F61225B6EB7006F8455 /* Products */ = {
			isa = PBXGroup;
			children = (
				467C7F60225B6EB7006F8455 /* AVFoundationTest.app */,
			);
			name = Products;
			sourceTree = "<group>";
		};
		467C7F62225B6EB7006F8455 /* AVFoundationTest */ = {
			isa = PBXGroup;
			children = (
				467C7F75225B728E006F8455 /* Classes */,
				467C7F63225B6EB7006F8455 /* AppDelegate.swift */,
				467C7F67225B6EB7006F8455 /* Main.storyboard */,
				467C7F6A225B6EB9006F8455 /* Assets.xcassets */,
				467C7F6C225B6EB9006F8455 /* LaunchScreen.storyboard */,
				467C7F6F225B6EB9006F8455 /* Info.plist */,
			);
			path = AVFoundationTest;
			sourceTree = "<group>";
		};
		467C7F75225B728E006F8455 /* Classes */ = {
			isa = PBXGroup;
			children = (
				465EB3C0225E3A0E00DE50E7 /* Video Preview */,
				467C7F81225CD377006F8455 /* Camera */,
				467C7F80225CCF6B006F8455 /* Audio */,
			);
			name = Classes;
			sourceTree = "<group>";
		};
		467C7F7A225BAC91006F8455 /* Audio Recorder */ = {
			isa = PBXGroup;
			children = (
				467C7F7B225BACAA006F8455 /* TZRecorder.swift */,
			);
			name = "Audio Recorder";
			path = ..;
			sourceTree = "<group>";
		};
		467C7F7D225BB257006F8455 /* Audio Player */ = {
			isa = PBXGroup;
			children = (
				467C7F7E225BB26C006F8455 /* TZAudioPlayer.swift */,
			);
			name = "Audio Player";
			path = ..;
			sourceTree = "<group>";
		};
		467C7F80225CCF6B006F8455 /* Audio */ = {
			isa = PBXGroup;
			children = (
				467C7F76225B774D006F8455 /* AudioViewController.swift */,
				467C7F77225B774D006F8455 /* AudioViewController.xib */,
				467C7F7A225BAC91006F8455 /* Audio Recorder */,
				467C7F7D225BB257006F8455 /* Audio Player */,
			);
			path = Audio;
			sourceTree = "<group>";
		};
		467C7F81225CD377006F8455 /* Camera */ = {
			isa = PBXGroup;
			children = (
				467C7F82225CD39A006F8455 /* CameraViewController.swift */,
				467C7F83225CD39A006F8455 /* CameraViewController.xib */,
				465EB3C72264A5DC00DE50E7 /* Camera.swift */,
				465EB3C92264D11400DE50E7 /* Editor.swift */,
			);
			name = Camera;
			sourceTree = "<group>";
		};
/* End PBXGroup section */

/* Begin PBXNativeTarget section */
		467C7F5F225B6EB7006F8455 /* AVFoundationTest */ = {
			isa = PBXNativeTarget;
			buildConfigurationList = 467C7F72225B6EB9006F8455 /* Build configuration list for PBXNativeTarget "AVFoundationTest" */;
			buildPhases = (
				467C7F5C225B6EB7006F8455 /* Sources */,
				467C7F5D225B6EB7006F8455 /* Frameworks */,
				467C7F5E225B6EB7006F8455 /* Resources */,
			);
			buildRules = (
			);
			dependencies = (
			);
			name = AVFoundationTest;
			productName = AVFoundationTest;
			productReference = 467C7F60225B6EB7006F8455 /* AVFoundationTest.app */;
			productType = "com.apple.product-type.application";
		};
/* End PBXNativeTarget section */

/* Begin PBXProject section */
		467C7F58225B6EB7006F8455 /* Project object */ = {
			isa = PBXProject;
			attributes = {
				LastSwiftUpdateCheck = 1020;
				LastUpgradeCheck = 1020;
				ORGANIZATIONNAME = "Tasin Zarkoob";
				TargetAttributes = {
					467C7F5F225B6EB7006F8455 = {
						CreatedOnToolsVersion = 10.2;
					};
				};
			};
			buildConfigurationList = 467C7F5B225B6EB7006F8455 /* Build configuration list for PBXProject "AVFoundationTest" */;
			compatibilityVersion = "Xcode 9.3";
			developmentRegion = en;
			hasScannedForEncodings = 0;
			knownRegions = (
				en,
				Base,
			);
			mainGroup = 467C7F57225B6EB7006F8455;
			productRefGroup = 467C7F61225B6EB7006F8455 /* Products */;
			projectDirPath = "";
			projectRoot = "";
			targets = (
				467C7F5F225B6EB7006F8455 /* AVFoundationTest */,
			);
		};
/* End PBXProject section */

/* Begin PBXResourcesBuildPhase section */
		467C7F5E225B6EB7006F8455 /* Resources */ = {
			isa = PBXResourcesBuildPhase;
			buildActionMask = 2147483647;
			files = (
				467C7F6E225B6EB9006F8455 /* LaunchScreen.storyboard in Resources */,
				467C7F79225B774D006F8455 /* AudioViewController.xib in Resources */,
				467C7F6B225B6EB9006F8455 /* Assets.xcassets in Resources */,
				467C7F69225B6EB7006F8455 /* Main.storyboard in Resources */,
				467C7F85225CD39A006F8455 /* CameraViewController.xib in Resources */,
				465EB3C4225E3A6700DE50E7 /* TZVideoPreviewPlayer.xib in Resources */,
			);
			runOnlyForDeploymentPostprocessing = 0;
		};
/* End PBXResourcesBuildPhase section */

/* Begin PBXSourcesBuildPhase section */
		467C7F5C225B6EB7006F8455 /* Sources */ = {
			isa = PBXSourcesBuildPhase;
			buildActionMask = 2147483647;
			files = (
				465EB3C82264A5DC00DE50E7 /* Camera.swift in Sources */,
				467C7F64225B6EB7006F8455 /* AppDelegate.swift in Sources */,
				467C7F84225CD39A006F8455 /* CameraViewController.swift in Sources */,
				465EB3C6225E3BCA00DE50E7 /* PlayerView.swift in Sources */,
				465EB3CA2264D11400DE50E7 /* Editor.swift in Sources */,
				467C7F7F225BB26C006F8455 /* TZAudioPlayer.swift in Sources */,
				465EB3C3225E3A6700DE50E7 /* TZVideoPreviewPlayer.swift in Sources */,
				467C7F78225B774D006F8455 /* AudioViewController.swift in Sources */,
				467C7F7C225BACAA006F8455 /* TZRecorder.swift in Sources */,
			);
			runOnlyForDeploymentPostprocessing = 0;
		};
/* End PBXSourcesBuildPhase section */

/* Begin PBXVariantGroup section */
		467C7F67225B6EB7006F8455 /* Main.storyboard */ = {
			isa = PBXVariantGroup;
			children = (
				467C7F68225B6EB7006F8455 /* Base */,
			);
			name = Main.storyboard;
			sourceTree = "<group>";
		};
		467C7F6C225B6EB9006F8455 /* LaunchScreen.storyboard */ = {
			isa = PBXVariantGroup;
			children = (
				467C7F6D225B6EB9006F8455 /* Base */,
			);
			name = LaunchScreen.storyboard;
			sourceTree = "<group>";
		};
/* End PBXVariantGroup section */

/* Begin XCBuildConfiguration section */
		467C7F70225B6EB9006F8455 /* Debug */ = {
			isa = XCBuildConfiguration;
			buildSettings = {
				ALWAYS_SEARCH_USER_PATHS = NO;
				CLANG_ANALYZER_NONNULL = YES;
				CLANG_ANALYZER_NUMBER_OBJECT_CONVERSION = YES_AGGRESSIVE;
				CLANG_CXX_LANGUAGE_STANDARD = "gnu++14";
				CLANG_CXX_LIBRARY = "libc++";
				CLANG_ENABLE_MODULES = YES;
				CLANG_ENABLE_OBJC_ARC = YES;
				CLANG_ENABLE_OBJC_WEAK = YES;
				CLANG_WARN_BLOCK_CAPTURE_AUTORELEASING = YES;
				CLANG_WARN_BOOL_CONVERSION = YES;
				CLANG_WARN_COMMA = YES;
				CLANG_WARN_CONSTANT_CONVERSION = YES;
				CLANG_WARN_DEPRECATED_OBJC_IMPLEMENTATIONS = YES;
				CLANG_WARN_DIRECT_OBJC_ISA_USAGE = YES_ERROR;
				CLANG_WARN_DOCUMENTATION_COMMENTS = YES;
				CLANG_WARN_EMPTY_BODY = YES;
				CLANG_WARN_ENUM_CONVERSION = YES;
				CLANG_WARN_INFINITE_RECURSION = YES;
				CLANG_WARN_INT_CONVERSION = YES;
				CLANG_WARN_NON_LITERAL_NULL_CONVERSION = YES;
				CLANG_WARN_OBJC_IMPLICIT_RETAIN_SELF = YES;
				CLANG_WARN_OBJC_LITERAL_CONVERSION = YES;
				CLANG_WARN_OBJC_ROOT_CLASS = YES_ERROR;
				CLANG_WARN_RANGE_LOOP_ANALYSIS = YES;
				CLANG_WARN_STRICT_PROTOTYPES = YES;
				CLANG_WARN_SUSPICIOUS_MOVE = YES;
				CLANG_WARN_UNGUARDED_AVAILABILITY = YES_AGGRESSIVE;
				CLANG_WARN_UNREACHABLE_CODE = YES;
				CLANG_WARN__DUPLICATE_METHOD_MATCH = YES;
				CODE_SIGN_IDENTITY = "iPhone Developer";
				COPY_PHASE_STRIP = NO;
				DEBUG_INFORMATION_FORMAT = dwarf;
				ENABLE_STRICT_OBJC_MSGSEND = YES;
				ENABLE_TESTABILITY = YES;
				GCC_C_LANGUAGE_STANDARD = gnu11;
				GCC_DYNAMIC_NO_PIC = NO;
				GCC_NO_COMMON_BLOCKS = YES;
				GCC_OPTIMIZATION_LEVEL = 0;
				GCC_PREPROCESSOR_DEFINITIONS = (
					"DEBUG=1",
					"$(inherited)",
				);
				GCC_WARN_64_TO_32_BIT_CONVERSION = YES;
				GCC_WARN_ABOUT_RETURN_TYPE = YES_ERROR;
				GCC_WARN_UNDECLARED_SELECTOR = YES;
				GCC_WARN_UNINITIALIZED_AUTOS = YES_AGGRESSIVE;
				GCC_WARN_UNUSED_FUNCTION = YES;
				GCC_WARN_UNUSED_VARIABLE = YES;
				IPHONEOS_DEPLOYMENT_TARGET = 12.2;
				MTL_ENABLE_DEBUG_INFO = INCLUDE_SOURCE;
				MTL_FAST_MATH = YES;
				ONLY_ACTIVE_ARCH = YES;
				SDKROOT = iphoneos;
				SWIFT_ACTIVE_COMPILATION_CONDITIONS = DEBUG;
				SWIFT_OPTIMIZATION_LEVEL = "-Onone";
			};
			name = Debug;
		};
		467C7F71225B6EB9006F8455 /* Release */ = {
			isa = XCBuildConfiguration;
			buildSettings = {
				ALWAYS_SEARCH_USER_PATHS = NO;
				CLANG_ANALYZER_NONNULL = YES;
				CLANG_ANALYZER_NUMBER_OBJECT_CONVERSION = YES_AGGRESSIVE;
				CLANG_CXX_LANGUAGE_STANDARD = "gnu++14";
				CLANG_CXX_LIBRARY = "libc++";
				CLANG_ENABLE_MODULES = YES;
				CLANG_ENABLE_OBJC_ARC = YES;
				CLANG_ENABLE_OBJC_WEAK = YES;
				CLANG_WARN_BLOCK_CAPTURE_AUTORELEASING = YES;
				CLANG_WARN_BOOL_CONVERSION = YES;
				CLANG_WARN_COMMA = YES;
				CLANG_WARN_CONSTANT_CONVERSION = YES;
				CLANG_WARN_DEPRECATED_OBJC_IMPLEMENTATIONS = YES;
				CLANG_WARN_DIRECT_OBJC_ISA_USAGE = YES_ERROR;
				CLANG_WARN_DOCUMENTATION_COMMENTS = YES;
				CLANG_WARN_EMPTY_BODY = YES;
				CLANG_WARN_ENUM_CONVERSION = YES;
				CLANG_WARN_INFINITE_RECURSION = YES;
				CLANG_WARN_INT_CONVERSION = YES;
				CLANG_WARN_NON_LITERAL_NULL_CONVERSION = YES;
				CLANG_WARN_OBJC_IMPLICIT_RETAIN_SELF = YES;
				CLANG_WARN_OBJC_LITERAL_CONVERSION = YES;
				CLANG_WARN_OBJC_ROOT_CLASS = YES_ERROR;
				CLANG_WARN_RANGE_LOOP_ANALYSIS = YES;
				CLANG_WARN_STRICT_PROTOTYPES = YES;
				CLANG_WARN_SUSPICIOUS_MOVE = YES;
				CLANG_WARN_UNGUARDED_AVAILABILITY = YES_AGGRESSIVE;
				CLANG_WARN_UNREACHABLE_CODE = YES;
				CLANG_WARN__DUPLICATE_METHOD_MATCH = YES;
				CODE_SIGN_IDENTITY = "iPhone Developer";
				COPY_PHASE_STRIP = NO;
				DEBUG_INFORMATION_FORMAT = "dwarf-with-dsym";
				ENABLE_NS_ASSERTIONS = NO;
				ENABLE_STRICT_OBJC_MSGSEND = YES;
				GCC_C_LANGUAGE_STANDARD = gnu11;
				GCC_NO_COMMON_BLOCKS = YES;
				GCC_WARN_64_TO_32_BIT_CONVERSION = YES;
				GCC_WARN_ABOUT_RETURN_TYPE = YES_ERROR;
				GCC_WARN_UNDECLARED_SELECTOR = YES;
				GCC_WARN_UNINITIALIZED_AUTOS = YES_AGGRESSIVE;
				GCC_WARN_UNUSED_FUNCTION = YES;
				GCC_WARN_UNUSED_VARIABLE = YES;
				IPHONEOS_DEPLOYMENT_TARGET = 12.2;
				MTL_ENABLE_DEBUG_INFO = NO;
				MTL_FAST_MATH = YES;
				SDKROOT = iphoneos;
				SWIFT_COMPILATION_MODE = wholemodule;
				SWIFT_OPTIMIZATION_LEVEL = "-O";
				VALIDATE_PRODUCT = YES;
			};
			name = Release;
		};
		467C7F73225B6EB9006F8455 /* Debug */ = {
			isa = XCBuildConfiguration;
			buildSettings = {
				ASSETCATALOG_COMPILER_APPICON_NAME = AppIcon;
				CODE_SIGN_STYLE = Automatic;
				DEVELOPMENT_TEAM = 486WF39AWN;
				INFOPLIST_FILE = AVFoundationTest/Info.plist;
				IPHONEOS_DEPLOYMENT_TARGET = 12.0;
				LD_RUNPATH_SEARCH_PATHS = (
					"$(inherited)",
					"@executable_path/Frameworks",
				);
				PRODUCT_BUNDLE_IDENTIFIER = com.test.app.AVFoundationTest;
				PRODUCT_NAME = "$(TARGET_NAME)";
				SWIFT_VERSION = 5.0;
				TARGETED_DEVICE_FAMILY = "1,2";
			};
			name = Debug;
		};
		467C7F74225B6EB9006F8455 /* Release */ = {
			isa = XCBuildConfiguration;
			buildSettings = {
				ASSETCATALOG_COMPILER_APPICON_NAME = AppIcon;
				CODE_SIGN_STYLE = Automatic;
				DEVELOPMENT_TEAM = 486WF39AWN;
				INFOPLIST_FILE = AVFoundationTest/Info.plist;
				IPHONEOS_DEPLOYMENT_TARGET = 12.0;
				LD_RUNPATH_SEARCH_PATHS = (
					"$(inherited)",
					"@executable_path/Frameworks",
				);
				PRODUCT_BUNDLE_IDENTIFIER = com.test.app.AVFoundationTest;
				PRODUCT_NAME = "$(TARGET_NAME)";
				SWIFT_VERSION = 5.0;
				TARGETED_DEVICE_FAMILY = "1,2";
			};
			name = Release;
		};
/* End XCBuildConfiguration section */

/* Begin XCConfigurationList section */
		467C7F5B225B6EB7006F8455 /* Build configuration list for PBXProject "AVFoundationTest" */ = {
			isa = XCConfigurationList;
			buildConfigurations = (
				467C7F70225B6EB9006F8455 /* Debug */,
				467C7F71225B6EB9006F8455 /* Release */,
			);
			defaultConfigurationIsVisible = 0;
			defaultConfigurationName = Release;
		};
		467C7F72225B6EB9006F8455 /* Build configuration list for PBXNativeTarget "AVFoundationTest" */ = {
			isa = XCConfigurationList;
			buildConfigurations = (
				467C7F73225B6EB9006F8455 /* Debug */,
				467C7F74225B6EB9006F8455 /* Release */,
			);
			defaultConfigurationIsVisible = 0;
			defaultConfigurationName = Release;
		};
/* End XCConfigurationList section */
	};
	rootObject = 467C7F58225B6EB7006F8455 /* Project object */;
}
